// !$*UTF8*$!
{
	archiveVersion = 1;
	classes = {
	};
	objectVersion = 46;
	objects = {

/* Begin PBXBuildFile section */
		3066FCEC1B3021CA008EF9F4 /* main.swift in Sources */ = {isa = PBXBuildFile; fileRef = 3066FCEB1B3021CA008EF9F4 /* main.swift */; };
		3066FCF31B306771008EF9F4 /* BinarySearch.swift in Sources */ = {isa = PBXBuildFile; fileRef = 3066FCF21B306771008EF9F4 /* BinarySearch.swift */; };
		3066FCF61B3072DD008EF9F4 /* TreeNode.swift in Sources */ = {isa = PBXBuildFile; fileRef = 3066FCF51B3072DD008EF9F4 /* TreeNode.swift */; };
		30AAA3D11B31A4C7008A8395 /* SelectSort.swift in Sources */ = {isa = PBXBuildFile; fileRef = 30AAA3D01B31A4C7008A8395 /* SelectSort.swift */; };
		30AAA3D31B31AFFF008A8395 /* InsertSrot.swift in Sources */ = {isa = PBXBuildFile; fileRef = 30AAA3D21B31AFFF008A8395 /* InsertSrot.swift */; };
		30AAA3D51B31B437008A8395 /* ShellSrot.swift in Sources */ = {isa = PBXBuildFile; fileRef = 30AAA3D41B31B437008A8395 /* ShellSrot.swift */; };
		30AAA3D71B32F120008A8395 /* Tower.swift in Sources */ = {isa = PBXBuildFile; fileRef = 30AAA3D61B32F120008A8395 /* Tower.swift */; };
		30AAA3D91B330C0A008A8395 /* MergeSort.swift in Sources */ = {isa = PBXBuildFile; fileRef = 30AAA3D81B330C0A008A8395 /* MergeSort.swift */; };
/* End PBXBuildFile section */

/* Begin PBXCopyFilesBuildPhase section */
		3066FCE61B3021CA008EF9F4 /* CopyFiles */ = {
			isa = PBXCopyFilesBuildPhase;
			buildActionMask = 2147483647;
			dstPath = /usr/share/man/man1/;
			dstSubfolderSpec = 0;
			files = (
			);
			runOnlyForDeploymentPostprocessing = 1;
		};
/* End PBXCopyFilesBuildPhase section */

/* Begin PBXFileReference section */
		3066FCE81B3021CA008EF9F4 /* Algorithm */ = {isa = PBXFileReference; explicitFileType = "compiled.mach-o.executable"; includeInIndex = 0; path = Algorithm; sourceTree = BUILT_PRODUCTS_DIR; };
		3066FCEB1B3021CA008EF9F4 /* main.swift */ = {isa = PBXFileReference; lastKnownFileType = sourcecode.swift; path = main.swift; sourceTree = "<group>"; };
		3066FCF21B306771008EF9F4 /* BinarySearch.swift */ = {isa = PBXFileReference; fileEncoding = 4; lastKnownFileType = sourcecode.swift; path = BinarySearch.swift; sourceTree = "<group>"; };
		3066FCF51B3072DD008EF9F4 /* TreeNode.swift */ = {isa = PBXFileReference; fileEncoding = 4; lastKnownFileType = sourcecode.swift; path = TreeNode.swift; sourceTree = "<group>"; };
		30AAA3CF1B319E6B008A8395 /* Demo.playground */ = {isa = PBXFileReference; lastKnownFileType = file.playground; path = Demo.playground; sourceTree = "<group>"; };
		30AAA3D01B31A4C7008A8395 /* SelectSort.swift */ = {isa = PBXFileReference; fileEncoding = 4; lastKnownFileType = sourcecode.swift; path = SelectSort.swift; sourceTree = "<group>"; };
		30AAA3D21B31AFFF008A8395 /* InsertSrot.swift */ = {isa = PBXFileReference; fileEncoding = 4; lastKnownFileType = sourcecode.swift; path = InsertSrot.swift; sourceTree = "<group>"; };
		30AAA3D41B31B437008A8395 /* ShellSrot.swift */ = {isa = PBXFileReference; fileEncoding = 4; lastKnownFileType = sourcecode.swift; path = ShellSrot.swift; sourceTree = "<group>"; };
		30AAA3D61B32F120008A8395 /* Tower.swift */ = {isa = PBXFileReference; fileEncoding = 4; lastKnownFileType = sourcecode.swift; path = Tower.swift; sourceTree = "<group>"; };
		30AAA3D81B330C0A008A8395 /* MergeSort.swift */ = {isa = PBXFileReference; fileEncoding = 4; lastKnownFileType = sourcecode.swift; path = MergeSort.swift; sourceTree = "<group>"; };
/* End PBXFileReference section */

/* Begin PBXFrameworksBuildPhase section */
		3066FCE51B3021CA008EF9F4 /* Frameworks */ = {
			isa = PBXFrameworksBuildPhase;
			buildActionMask = 2147483647;
			files = (
			);
			runOnlyForDeploymentPostprocessing = 0;
		};
/* End PBXFrameworksBuildPhase section */

/* Begin PBXGroup section */
		3066FCDF1B3021CA008EF9F4 = {
			isa = PBXGroup;
			children = (
				3066FCEA1B3021CA008EF9F4 /* Algorithm */,
				3066FCE91B3021CA008EF9F4 /* Products */,
			);
			sourceTree = "<group>";
		};
		3066FCE91B3021CA008EF9F4 /* Products */ = {
			isa = PBXGroup;
			children = (
				3066FCE81B3021CA008EF9F4 /* Algorithm */,
			);
			name = Products;
			sourceTree = "<group>";
		};
		3066FCEA1B3021CA008EF9F4 /* Algorithm */ = {
			isa = PBXGroup;
			children = (
				3066FCF41B3069CF008EF9F4 /* Struct */,
				3066FCEB1B3021CA008EF9F4 /* main.swift */,
				3066FCF21B306771008EF9F4 /* BinarySearch.swift */,
				30AAA3CF1B319E6B008A8395 /* Demo.playground */,
				30AAA3D01B31A4C7008A8395 /* SelectSort.swift */,
				30AAA3D21B31AFFF008A8395 /* InsertSrot.swift */,
				30AAA3D41B31B437008A8395 /* ShellSrot.swift */,
				30AAA3D61B32F120008A8395 /* Tower.swift */,
				30AAA3D81B330C0A008A8395 /* MergeSort.swift */,
			);
			path = Algorithm;
			sourceTree = "<group>";
		};
		3066FCF41B3069CF008EF9F4 /* Struct */ = {
			isa = PBXGroup;
			children = (
				3066FCF51B3072DD008EF9F4 /* TreeNode.swift */,
			);
			name = Struct;
			sourceTree = "<group>";
		};
/* End PBXGroup section */

/* Begin PBXNativeTarget section */
		3066FCE71B3021CA008EF9F4 /* Algorithm */ = {
			isa = PBXNativeTarget;
			buildConfigurationList = 3066FCEF1B3021CA008EF9F4 /* Build configuration list for PBXNativeTarget "Algorithm" */;
			buildPhases = (
				3066FCE41B3021CA008EF9F4 /* Sources */,
				3066FCE51B3021CA008EF9F4 /* Frameworks */,
				3066FCE61B3021CA008EF9F4 /* CopyFiles */,
			);
			buildRules = (
			);
			dependencies = (
			);
			name = Algorithm;
			productName = Algorithm;
			productReference = 3066FCE81B3021CA008EF9F4 /* Algorithm */;
			productType = "com.apple.product-type.tool";
		};
/* End PBXNativeTarget section */

/* Begin PBXProject section */
		3066FCE01B3021CA008EF9F4 /* Project object */ = {
			isa = PBXProject;
			attributes = {
				LastUpgradeCheck = 0630;
				ORGANIZATIONNAME = com.xsdota;
				TargetAttributes = {
					3066FCE71B3021CA008EF9F4 = {
						CreatedOnToolsVersion = 6.3.2;
					};
				};
			};
			buildConfigurationList = 3066FCE31B3021CA008EF9F4 /* Build configuration list for PBXProject "Algorithm" */;
			compatibilityVersion = "Xcode 3.2";
			developmentRegion = English;
			hasScannedForEncodings = 0;
			knownRegions = (
				en,
			);
			mainGroup = 3066FCDF1B3021CA008EF9F4;
			productRefGroup = 3066FCE91B3021CA008EF9F4 /* Products */;
			projectDirPath = "";
			projectRoot = "";
			targets = (
				3066FCE71B3021CA008EF9F4 /* Algorithm */,
			);
		};
/* End PBXProject section */

/* Begin PBXSourcesBuildPhase section */
		3066FCE41B3021CA008EF9F4 /* Sources */ = {
			isa = PBXSourcesBuildPhase;
			buildActionMask = 2147483647;
			files = (
				3066FCF61B3072DD008EF9F4 /* TreeNode.swift in Sources */,
				3066FCF31B306771008EF9F4 /* BinarySearch.swift in Sources */,
				30AAA3D91B330C0A008A8395 /* MergeSort.swift in Sources */,
				30AAA3D51B31B437008A8395 /* ShellSrot.swift in Sources */,
				30AAA3D71B32F120008A8395 /* Tower.swift in Sources */,
				3066FCEC1B3021CA008EF9F4 /* main.swift in Sources */,
				30AAA3D11B31A4C7008A8395 /* SelectSort.swift in Sources */,
				30AAA3D31B31AFFF008A8395 /* InsertSrot.swift in Sources */,
			);
			runOnlyForDeploymentPostprocessing = 0;
		};
/* End PBXSourcesBuildPhase section */

/* Begin XCBuildConfiguration section */
		3066FCED1B3021CA008EF9F4 /* Debug */ = {
			isa = XCBuildConfiguration;
			buildSettings = {
				ALWAYS_SEARCH_USER_PATHS = NO;
				CLANG_CXX_LANGUAGE_STANDARD = "gnu++0x";
				CLANG_CXX_LIBRARY = "libc++";
				CLANG_ENABLE_MODULES = YES;
				CLANG_ENABLE_OBJC_ARC = YES;
				CLANG_WARN_BOOL_CONVERSION = YES;
				CLANG_WARN_CONSTANT_CONVERSION = YES;
				CLANG_WARN_DIRECT_OBJC_ISA_USAGE = YES_ERROR;
				CLANG_WARN_EMPTY_BODY = YES;
				CLANG_WARN_ENUM_CONVERSION = YES;
				CLANG_WARN_INT_CONVERSION = YES;
				CLANG_WARN_OBJC_ROOT_CLASS = YES_ERROR;
				CLANG_WARN_UNREACHABLE_CODE = YES;
				CLANG_WARN__DUPLICATE_METHOD_MATCH = YES;
				COPY_PHASE_STRIP = NO;
				DEBUG_INFORMATION_FORMAT = dwarf;
				ENABLE_STRICT_OBJC_MSGSEND = YES;
				GCC_C_LANGUAGE_STANDARD = gnu99;
				GCC_DYNAMIC_NO_PIC = NO;
				GCC_NO_COMMON_BLOCKS = YES;
				GCC_OPTIMIZATION_LEVEL = 0;
				GCC_PREPROCESSOR_DEFINITIONS = (
					"DEBUG=1",
					"$(inherited)",
				);
				GCC_SYMBOLS_PRIVATE_EXTERN = NO;
				GCC_WARN_64_TO_32_BIT_CONVERSION = YES;
				GCC_WARN_ABOUT_RETURN_TYPE = YES_ERROR;
				GCC_WARN_UNDECLARED_SELECTOR = YES;
				GCC_WARN_UNINITIALIZED_AUTOS = YES_AGGRESSIVE;
				GCC_WARN_UNUSED_FUNCTION = YES;
				GCC_WARN_UNUSED_VARIABLE = YES;
				MACOSX_DEPLOYMENT_TARGET = 10.10;
				MTL_ENABLE_DEBUG_INFO = YES;
				ONLY_ACTIVE_ARCH = YES;
				SDKROOT = macosx;
				SWIFT_OPTIMIZATION_LEVEL = "-Onone";
			};
			name = Debug;
		};
		3066FCEE1B3021CA008EF9F4 /* Release */ = {
			isa = XCBuildConfiguration;
			buildSettings = {
				ALWAYS_SEARCH_USER_PATHS = NO;
				CLANG_CXX_LANGUAGE_STANDARD = "gnu++0x";
				CLANG_CXX_LIBRARY = "libc++";
				CLANG_ENABLE_MODULES = YES;
				CLANG_ENABLE_OBJC_ARC = YES;
				CLANG_WARN_BOOL_CONVERSION = YES;
				CLANG_WARN_CONSTANT_CONVERSION = YES;
				CLANG_WARN_DIRECT_OBJC_ISA_USAGE = YES_ERROR;
				CLANG_WARN_EMPTY_BODY = YES;
				CLANG_WARN_ENUM_CONVERSION = YES;
				CLANG_WARN_INT_CONVERSION = YES;
				CLANG_WARN_OBJC_ROOT_CLASS = YES_ERROR;
				CLANG_WARN_UNREACHABLE_CODE = YES;
				CLANG_WARN__DUPLICATE_METHOD_MATCH = YES;
				COPY_PHASE_STRIP = NO;
				DEBUG_INFORMATION_FORMAT = "dwarf-with-dsym";
				ENABLE_NS_ASSERTIONS = NO;
				ENABLE_STRICT_OBJC_MSGSEND = YES;
				GCC_C_LANGUAGE_STANDARD = gnu99;
				GCC_NO_COMMON_BLOCKS = YES;
				GCC_WARN_64_TO_32_BIT_CONVERSION = YES;
				GCC_WARN_ABOUT_RETURN_TYPE = YES_ERROR;
				GCC_WARN_UNDECLARED_SELECTOR = YES;
				GCC_WARN_UNINITIALIZED_AUTOS = YES_AGGRESSIVE;
				GCC_WARN_UNUSED_FUNCTION = YES;
				GCC_WARN_UNUSED_VARIABLE = YES;
				MACOSX_DEPLOYMENT_TARGET = 10.10;
				MTL_ENABLE_DEBUG_INFO = NO;
				SDKROOT = macosx;
			};
			name = Release;
		};
		3066FCF01B3021CA008EF9F4 /* Debug */ = {
			isa = XCBuildConfiguration;
			buildSettings = {
				PRODUCT_NAME = "$(TARGET_NAME)";
			};
			name = Debug;
		};
		3066FCF11B3021CA008EF9F4 /* Release */ = {
			isa = XCBuildConfiguration;
			buildSettings = {
				PRODUCT_NAME = "$(TARGET_NAME)";
			};
			name = Release;
		};
/* End XCBuildConfiguration section */

/* Begin XCConfigurationList section */
		3066FCE31B3021CA008EF9F4 /* Build configuration list for PBXProject "Algorithm" */ = {
			isa = XCConfigurationList;
			buildConfigurations = (
				3066FCED1B3021CA008EF9F4 /* Debug */,
				3066FCEE1B3021CA008EF9F4 /* Release */,
			);
			defaultConfigurationIsVisible = 0;
			defaultConfigurationName = Release;
		};
		3066FCEF1B3021CA008EF9F4 /* Build configuration list for PBXNativeTarget "Algorithm" */ = {
			isa = XCConfigurationList;
			buildConfigurations = (
				3066FCF01B3021CA008EF9F4 /* Debug */,
				3066FCF11B3021CA008EF9F4 /* Release */,
			);
			defaultConfigurationIsVisible = 0;
			defaultConfigurationName = Release;
		};
/* End XCConfigurationList section */
	};
	rootObject = 3066FCE01B3021CA008EF9F4 /* Project object */;
}
